PODS:
  - RxCocoa (4.2.0):
    - RxSwift (~> 4.0)
  - RxOptional (3.5.0):
    - RxCocoa (~> 4.0)
    - RxSwift (~> 4.0)
  - RxSwift (4.2.0)
  - RxWebKit (0.3.7):
    - RxCocoa (~> 4.0)
    - RxSwift (~> 4.0)

DEPENDENCIES:
  - RxCocoa
  - RxOptional
  - RxSwift
  - RxWebKit

SPEC REPOS:
  https://github.com/cocoapods/specs.git:
    - RxCocoa
    - RxOptional
    - RxSwift
    - RxWebKit

SPEC CHECKSUMS:
  RxCocoa: 0b54909c902e1e581212a03e690bbd94032d8baa
  RxOptional: bd32ff8ca9df4177683d56ffeb618a9d4d5d5cad
  RxSwift: 99e10317ddfcc7fbe01356aafd118fde4a0be104
  RxWebKit: e39e220919e5e24546c837f5f60689036a1e5920

PODFILE CHECKSUM: ed6b75f9e8942a58f850ba853be4d2db12528f42

COCOAPODS: 1.5.3
